
Microsoft Visual Studio Solution File, Format Version 12.00
# Visual Studio Version 17
VisualStudioVersion = 17.9.34728.123
MinimumVisualStudioVersion = 10.0.40219.1
Project("{FAE04EC0-301F-11D3-BF4B-00C04F79EFBC}") = "Exeption", "Exeption\Exeption.csproj", "{A08EA388-75FB-40C8-BB48-D20D80875C86}"
EndProject
Global
	GlobalSection(SolutionConfigurationPlatforms) = preSolution
		Debug|Any CPU = Debug|Any CPU
		Release|Any CPU = Release|Any CPU
	EndGlobalSection
	GlobalSection(ProjectConfigurationPlatforms) = postSolution
		{A08EA388-75FB-40C8-BB48-D20D80875C86}.Debug|Any CPU.ActiveCfg = Debug|Any CPU
		{A08EA388-75FB-40C8-BB48-D20D80875C86}.Debug|Any CPU.Build.0 = Debug|Any CPU
		{A08EA388-75FB-40C8-BB48-D20D80875C86}.Release|Any CPU.ActiveCfg = Release|Any CPU
		{A08EA388-75FB-40C8-BB48-D20D80875C86}.Release|Any CPU.Build.0 = Release|Any CPU
	EndGlobalSection
	GlobalSection(SolutionProperties) = preSolution
		HideSolutionNode = FALSE
	EndGlobalSection
	GlobalSection(ExtensibilityGlobals) = postSolution
		SolutionGuid = {1A39537E-2638-4BC9-84D0-1E80C5204F2E}
	EndGlobalSection
EndGlobal
